
Microsoft Visual Studio Solution File, Format Version 12.00
# Visual Studio Version 16
VisualStudioVersion = 16.0.30907.101
MinimumVisualStudioVersion = 10.0.40219.1
Project("{FAE04EC0-301F-11D3-BF4B-00C04F79EFBC}") = "LogToDb", "LogToDb.csproj", "{911788CC-3898-4FFA-879A-61A6A78E9D95}"
EndProject
Global
	GlobalSection(SolutionConfigurationPlatforms) = preSolution
		Debug|Any CPU = Debug|Any CPU
		Release|Any CPU = Release|Any CPU
	EndGlobalSection
	GlobalSection(ProjectConfigurationPlatforms) = postSolution
		{911788CC-3898-4FFA-879A-61A6A78E9D95}.Debug|Any CPU.ActiveCfg = Debug|Any CPU
		{911788CC-3898-4FFA-879A-61A6A78E9D95}.Debug|Any CPU.Build.0 = Debug|Any CPU
		{911788CC-3898-4FFA-879A-61A6A78E9D95}.Release|Any CPU.ActiveCfg = Release|Any CPU
		{911788CC-3898-4FFA-879A-61A6A78E9D95}.Release|Any CPU.Build.0 = Release|Any CPU
	EndGlobalSection
	GlobalSection(SolutionProperties) = preSolution
		HideSolutionNode = FALSE
	EndGlobalSection
	GlobalSection(ExtensibilityGlobals) = postSolution
		SolutionGuid = {EE49D809-C315-47ED-8409-F8660553250C}
	EndGlobalSection
EndGlobal
